# This file was autogenerated by Stack.
# You should not edit this file by hand.
# For more information, please see the documentation at:
#   https://docs.haskellstack.org/en/stable/lock_files

packages:
- completed:
    pantry-tree:
      sha256: ac15337f5e1200eb6e8f2df0b275a11a462012474b2e7b054dc8f5a7ccf8990c
      size: 2168
    hackage: Yampa-0.13.5@sha256:0790e40a977ece8add63949fa6313018e75803d45e717d2e7f0078391e14440d,6263
  original:
    hackage: Yampa-0.13.5@sha256:0790e40a977ece8add63949fa6313018e75803d45e717d2e7f0078391e14440d,6263
snapshots:
- completed:
    sha256: a27a5761890ade44d7dd21a5f5f93c87e60b9c063655fff835d69dd1071474f0
    size: 619163
    url: https://raw.githubusercontent.com/commercialhaskell/stackage-snapshots/master/lts/19/16.yaml
  original:
    url: https://raw.githubusercontent.com/commercialhaskell/stackage-snapshots/master/lts/19/16.yaml
